// !$*UTF8*$!
{
	archiveVersion = 1;
	classes = {
	};
	objectVersion = 56;
	objects = {

/* Begin PBXBuildFile section */
		053D09392931B99500A4E345 /* AppDelegate.swift in Sources */ = {isa = PBXBuildFile; fileRef = 053D09382931B99500A4E345 /* AppDelegate.swift */; };
		053D093B2931B99500A4E345 /* SceneDelegate.swift in Sources */ = {isa = PBXBuildFile; fileRef = 053D093A2931B99500A4E345 /* SceneDelegate.swift */; };
		053D093D2931B99500A4E345 /* ViewController.swift in Sources */ = {isa = PBXBuildFile; fileRef = 053D093C2931B99500A4E345 /* ViewController.swift */; };
		053D09402931B99500A4E345 /* Main.storyboard in Resources */ = {isa = PBXBuildFile; fileRef = 053D093E2931B99500A4E345 /* Main.storyboard */; };
		053D09422931B99700A4E345 /* Assets.xcassets in Resources */ = {isa = PBXBuildFile; fileRef = 053D09412931B99700A4E345 /* Assets.xcassets */; };
		053D09452931B99700A4E345 /* LaunchScreen.storyboard in Resources */ = {isa = PBXBuildFile; fileRef = 053D09432931B99700A4E345 /* LaunchScreen.storyboard */; };
		053D094D2931C02000A4E345 /* Food.swift in Sources */ = {isa = PBXBuildFile; fileRef = 053D094C2931C02000A4E345 /* Food.swift */; };
		053D094F2931C06000A4E345 /* AppetizerViewController.swift in Sources */ = {isa = PBXBuildFile; fileRef = 053D094E2931C06000A4E345 /* AppetizerViewController.swift */; };
		053D09512931C0F800A4E345 /* FoodInfoViewController.swift in Sources */ = {isa = PBXBuildFile; fileRef = 053D09502931C0F800A4E345 /* FoodInfoViewController.swift */; };
		053D09532931C21000A4E345 /* MainCourseViewController.swift in Sources */ = {isa = PBXBuildFile; fileRef = 053D09522931C21000A4E345 /* MainCourseViewController.swift */; };
		053D09552931C26100A4E345 /* DessertViewController.swift in Sources */ = {isa = PBXBuildFile; fileRef = 053D09542931C26100A4E345 /* DessertViewController.swift */; };
		053D09572931C55200A4E345 /* TotalViewController.swift in Sources */ = {isa = PBXBuildFile; fileRef = 053D09562931C55200A4E345 /* TotalViewController.swift */; };
		053D09592931C62B00A4E345 /* TableViewCell.swift in Sources */ = {isa = PBXBuildFile; fileRef = 053D09582931C62B00A4E345 /* TableViewCell.swift */; };
/* End PBXBuildFile section */

/* Begin PBXFileReference section */
		053D09352931B99500A4E345 /* mms.app */ = {isa = PBXFileReference; explicitFileType = wrapper.application; includeInIndex = 0; path = mms.app; sourceTree = BUILT_PRODUCTS_DIR; };
		053D09382931B99500A4E345 /* AppDelegate.swift */ = {isa = PBXFileReference; lastKnownFileType = sourcecode.swift; path = AppDelegate.swift; sourceTree = "<group>"; };
		053D093A2931B99500A4E345 /* SceneDelegate.swift */ = {isa = PBXFileReference; lastKnownFileType = sourcecode.swift; path = SceneDelegate.swift; sourceTree = "<group>"; };
		053D093C2931B99500A4E345 /* ViewController.swift */ = {isa = PBXFileReference; lastKnownFileType = sourcecode.swift; path = ViewController.swift; sourceTree = "<group>"; };
		053D093F2931B99500A4E345 /* Base */ = {isa = PBXFileReference; lastKnownFileType = file.storyboard; name = Base; path = Base.lproj/Main.storyboard; sourceTree = "<group>"; };
		053D09412931B99700A4E345 /* Assets.xcassets */ = {isa = PBXFileReference; lastKnownFileType = folder.assetcatalog; path = Assets.xcassets; sourceTree = "<group>"; };
		053D09442931B99700A4E345 /* Base */ = {isa = PBXFileReference; lastKnownFileType = file.storyboard; name = Base; path = Base.lproj/LaunchScreen.storyboard; sourceTree = "<group>"; };
		053D09462931B99700A4E345 /* Info.plist */ = {isa = PBXFileReference; lastKnownFileType = text.plist.xml; path = Info.plist; sourceTree = "<group>"; };
		053D094C2931C02000A4E345 /* Food.swift */ = {isa = PBXFileReference; lastKnownFileType = sourcecode.swift; path = Food.swift; sourceTree = "<group>"; };
		053D094E2931C06000A4E345 /* AppetizerViewController.swift */ = {isa = PBXFileReference; lastKnownFileType = sourcecode.swift; path = AppetizerViewController.swift; sourceTree = "<group>"; };
		053D09502931C0F800A4E345 /* FoodInfoViewController.swift */ = {isa = PBXFileReference; lastKnownFileType = sourcecode.swift; path = FoodInfoViewController.swift; sourceTree = "<group>"; };
		053D09522931C21000A4E345 /* MainCourseViewController.swift */ = {isa = PBXFileReference; lastKnownFileType = sourcecode.swift; path = MainCourseViewController.swift; sourceTree = "<group>"; };
		053D09542931C26100A4E345 /* DessertViewController.swift */ = {isa = PBXFileReference; lastKnownFileType = sourcecode.swift; path = DessertViewController.swift; sourceTree = "<group>"; };
		053D09562931C55200A4E345 /* TotalViewController.swift */ = {isa = PBXFileReference; lastKnownFileType = sourcecode.swift; path = TotalViewController.swift; sourceTree = "<group>"; };
		053D09582931C62B00A4E345 /* TableViewCell.swift */ = {isa = PBXFileReference; lastKnownFileType = sourcecode.swift; path = TableViewCell.swift; sourceTree = "<group>"; };
/* End PBXFileReference section */

/* Begin PBXFrameworksBuildPhase section */
		053D09322931B99500A4E345 /* Frameworks */ = {
			isa = PBXFrameworksBuildPhase;
			buildActionMask = 2147483647;
			files = (
			);
			runOnlyForDeploymentPostprocessing = 0;
		};
/* End PBXFrameworksBuildPhase section */

/* Begin PBXGroup section */
		053D092C2931B99500A4E345 = {
			isa = PBXGroup;
			children = (
				053D09372931B99500A4E345 /* mms */,
				053D09362931B99500A4E345 /* Products */,
			);
			sourceTree = "<group>";
		};
		053D09362931B99500A4E345 /* Products */ = {
			isa = PBXGroup;
			children = (
				053D09352931B99500A4E345 /* mms.app */,
			);
			name = Products;
			sourceTree = "<group>";
		};
		053D09372931B99500A4E345 /* mms */ = {
			isa = PBXGroup;
			children = (
				053D09382931B99500A4E345 /* AppDelegate.swift */,
				053D093A2931B99500A4E345 /* SceneDelegate.swift */,
				053D093C2931B99500A4E345 /* ViewController.swift */,
				053D093E2931B99500A4E345 /* Main.storyboard */,
				053D09562931C55200A4E345 /* TotalViewController.swift */,
				053D09582931C62B00A4E345 /* TableViewCell.swift */,
				053D09412931B99700A4E345 /* Assets.xcassets */,
				053D094C2931C02000A4E345 /* Food.swift */,
				053D094E2931C06000A4E345 /* AppetizerViewController.swift */,
				053D09522931C21000A4E345 /* MainCourseViewController.swift */,
				053D09542931C26100A4E345 /* DessertViewController.swift */,
				053D09502931C0F800A4E345 /* FoodInfoViewController.swift */,
				053D09432931B99700A4E345 /* LaunchScreen.storyboard */,
				053D09462931B99700A4E345 /* Info.plist */,
			);
			path = mms;
			sourceTree = "<group>";
		};
/* End PBXGroup section */

/* Begin PBXNativeTarget section */
		053D09342931B99500A4E345 /* mms */ = {
			isa = PBXNativeTarget;
			buildConfigurationList = 053D09492931B99700A4E345 /* Build configuration list for PBXNativeTarget "mms" */;
			buildPhases = (
				053D09312931B99500A4E345 /* Sources */,
				053D09322931B99500A4E345 /* Frameworks */,
				053D09332931B99500A4E345 /* Resources */,
			);
			buildRules = (
			);
			dependencies = (
			);
			name = mms;
			productName = mms;
			productReference = 053D09352931B99500A4E345 /* mms.app */;
			productType = "com.apple.product-type.application";
		};
/* End PBXNativeTarget section */

/* Begin PBXProject section */
		053D092D2931B99500A4E345 /* Project object */ = {
			isa = PBXProject;
			attributes = {
				BuildIndependentTargetsInParallel = 1;
				LastSwiftUpdateCheck = 1400;
				LastUpgradeCheck = 1400;
				TargetAttributes = {
					053D09342931B99500A4E345 = {
						CreatedOnToolsVersion = 14.0.1;
					};
				};
			};
			buildConfigurationList = 053D09302931B99500A4E345 /* Build configuration list for PBXProject "mms" */;
			compatibilityVersion = "Xcode 14.0";
			developmentRegion = en;
			hasScannedForEncodings = 0;
			knownRegions = (
				en,
				Base,
			);
			mainGroup = 053D092C2931B99500A4E345;
			productRefGroup = 053D09362931B99500A4E345 /* Products */;
			projectDirPath = "";
			projectRoot = "";
			targets = (
				053D09342931B99500A4E345 /* mms */,
			);
		};
/* End PBXProject section */

/* Begin PBXResourcesBuildPhase section */
		053D09332931B99500A4E345 /* Resources */ = {
			isa = PBXResourcesBuildPhase;
			buildActionMask = 2147483647;
			files = (
				053D09452931B99700A4E345 /* LaunchScreen.storyboard in Resources */,
				053D09422931B99700A4E345 /* Assets.xcassets in Resources */,
				053D09402931B99500A4E345 /* Main.storyboard in Resources */,
			);
			runOnlyForDeploymentPostprocessing = 0;
		};
/* End PBXResourcesBuildPhase section */

/* Begin PBXSourcesBuildPhase section */
		053D09312931B99500A4E345 /* Sources */ = {
			isa = PBXSourcesBuildPhase;
			buildActionMask = 2147483647;
			files = (
				053D093D2931B99500A4E345 /* ViewController.swift in Sources */,
				053D094D2931C02000A4E345 /* Food.swift in Sources */,
				053D09512931C0F800A4E345 /* FoodInfoViewController.swift in Sources */,
				053D09392931B99500A4E345 /* AppDelegate.swift in Sources */,
				053D094F2931C06000A4E345 /* AppetizerViewController.swift in Sources */,
				053D09592931C62B00A4E345 /* TableViewCell.swift in Sources */,
				053D09532931C21000A4E345 /* MainCourseViewController.swift in Sources */,
				053D093B2931B99500A4E345 /* SceneDelegate.swift in Sources */,
				053D09552931C26100A4E345 /* DessertViewController.swift in Sources */,
				053D09572931C55200A4E345 /* TotalViewController.swift in Sources */,
			);
			runOnlyForDeploymentPostprocessing = 0;
		};
/* End PBXSourcesBuildPhase section */

/* Begin PBXVariantGroup section */
		053D093E2931B99500A4E345 /* Main.storyboard */ = {
			isa = PBXVariantGroup;
			children = (
				053D093F2931B99500A4E345 /* Base */,
			);
			name = Main.storyboard;
			sourceTree = "<group>";
		};
		053D09432931B99700A4E345 /* LaunchScreen.storyboard */ = {
			isa = PBXVariantGroup;
			children = (
				053D09442931B99700A4E345 /* Base */,
			);
			name = LaunchScreen.storyboard;
			sourceTree = "<group>";
		};
/* End PBXVariantGroup section */

/* Begin XCBuildConfiguration section */
		053D09472931B99700A4E345 /* Debug */ = {
			isa = XCBuildConfiguration;
			buildSettings = {
				ALWAYS_SEARCH_USER_PATHS = NO;
				CLANG_ANALYZER_NONNULL = YES;
				CLANG_ANALYZER_NUMBER_OBJECT_CONVERSION = YES_AGGRESSIVE;
				CLANG_CXX_LANGUAGE_STANDARD = "gnu++20";
				CLANG_ENABLE_MODULES = YES;
				CLANG_ENABLE_OBJC_ARC = YES;
				CLANG_ENABLE_OBJC_WEAK = YES;
				CLANG_WARN_BLOCK_CAPTURE_AUTORELEASING = YES;
				CLANG_WARN_BOOL_CONVERSION = YES;
				CLANG_WARN_COMMA = YES;
				CLANG_WARN_CONSTANT_CONVERSION = YES;
				CLANG_WARN_DEPRECATED_OBJC_IMPLEMENTATIONS = YES;
				CLANG_WARN_DIRECT_OBJC_ISA_USAGE = YES_ERROR;
				CLANG_WARN_DOCUMENTATION_COMMENTS = YES;
				CLANG_WARN_EMPTY_BODY = YES;
				CLANG_WARN_ENUM_CONVERSION = YES;
				CLANG_WARN_INFINITE_RECURSION = YES;
				CLANG_WARN_INT_CONVERSION = YES;
				CLANG_WARN_NON_LITERAL_NULL_CONVERSION = YES;
				CLANG_WARN_OBJC_IMPLICIT_RETAIN_SELF = YES;
				CLANG_WARN_OBJC_LITERAL_CONVERSION = YES;
				CLANG_WARN_OBJC_ROOT_CLASS = YES_ERROR;
				CLANG_WARN_QUOTED_INCLUDE_IN_FRAMEWORK_HEADER = YES;
				CLANG_WARN_RANGE_LOOP_ANALYSIS = YES;
				CLANG_WARN_STRICT_PROTOTYPES = YES;
				CLANG_WARN_SUSPICIOUS_MOVE = YES;
				CLANG_WARN_UNGUARDED_AVAILABILITY = YES_AGGRESSIVE;
				CLANG_WARN_UNREACHABLE_CODE = YES;
				CLANG_WARN__DUPLICATE_METHOD_MATCH = YES;
				COPY_PHASE_STRIP = NO;
				DEBUG_INFORMATION_FORMAT = dwarf;
				ENABLE_STRICT_OBJC_MSGSEND = YES;
				ENABLE_TESTABILITY = YES;
				GCC_C_LANGUAGE_STANDARD = gnu11;
				GCC_DYNAMIC_NO_PIC = NO;
				GCC_NO_COMMON_BLOCKS = YES;
				GCC_OPTIMIZATION_LEVEL = 0;
				GCC_PREPROCESSOR_DEFINITIONS = (
					"DEBUG=1",
					"$(inherited)",
				);
				GCC_WARN_64_TO_32_BIT_CONVERSION = YES;
				GCC_WARN_ABOUT_RETURN_TYPE = YES_ERROR;
				GCC_WARN_UNDECLARED_SELECTOR = YES;
				GCC_WARN_UNINITIALIZED_AUTOS = YES_AGGRESSIVE;
				GCC_WARN_UNUSED_FUNCTION = YES;
				GCC_WARN_UNUSED_VARIABLE = YES;
				IPHONEOS_DEPLOYMENT_TARGET = 16.0;
				MTL_ENABLE_DEBUG_INFO = INCLUDE_SOURCE;
				MTL_FAST_MATH = YES;
				ONLY_ACTIVE_ARCH = YES;
				SDKROOT = iphoneos;
				SWIFT_ACTIVE_COMPILATION_CONDITIONS = DEBUG;
				SWIFT_OPTIMIZATION_LEVEL = "-Onone";
			};
			name = Debug;
		};
		053D09482931B99700A4E345 /* Release */ = {
			isa = XCBuildConfiguration;
			buildSettings = {
				ALWAYS_SEARCH_USER_PATHS = NO;
				CLANG_ANALYZER_NONNULL = YES;
				CLANG_ANALYZER_NUMBER_OBJECT_CONVERSION = YES_AGGRESSIVE;
				CLANG_CXX_LANGUAGE_STANDARD = "gnu++20";
				CLANG_ENABLE_MODULES = YES;
				CLANG_ENABLE_OBJC_ARC = YES;
				CLANG_ENABLE_OBJC_WEAK = YES;
				CLANG_WARN_BLOCK_CAPTURE_AUTORELEASING = YES;
				CLANG_WARN_BOOL_CONVERSION = YES;
				CLANG_WARN_COMMA = YES;
				CLANG_WARN_CONSTANT_CONVERSION = YES;
				CLANG_WARN_DEPRECATED_OBJC_IMPLEMENTATIONS = YES;
				CLANG_WARN_DIRECT_OBJC_ISA_USAGE = YES_ERROR;
				CLANG_WARN_DOCUMENTATION_COMMENTS = YES;
				CLANG_WARN_EMPTY_BODY = YES;
				CLANG_WARN_ENUM_CONVERSION = YES;
				CLANG_WARN_INFINITE_RECURSION = YES;
				CLANG_WARN_INT_CONVERSION = YES;
				CLANG_WARN_NON_LITERAL_NULL_CONVERSION = YES;
				CLANG_WARN_OBJC_IMPLICIT_RETAIN_SELF = YES;
				CLANG_WARN_OBJC_LITERAL_CONVERSION = YES;
				CLANG_WARN_OBJC_ROOT_CLASS = YES_ERROR;
				CLANG_WARN_QUOTED_INCLUDE_IN_FRAMEWORK_HEADER = YES;
				CLANG_WARN_RANGE_LOOP_ANALYSIS = YES;
				CLANG_WARN_STRICT_PROTOTYPES = YES;
				CLANG_WARN_SUSPICIOUS_MOVE = YES;
				CLANG_WARN_UNGUARDED_AVAILABILITY = YES_AGGRESSIVE;
				CLANG_WARN_UNREACHABLE_CODE = YES;
				CLANG_WARN__DUPLICATE_METHOD_MATCH = YES;
				COPY_PHASE_STRIP = NO;
				DEBUG_INFORMATION_FORMAT = "dwarf-with-dsym";
				ENABLE_NS_ASSERTIONS = NO;
				ENABLE_STRICT_OBJC_MSGSEND = YES;
				GCC_C_LANGUAGE_STANDARD = gnu11;
				GCC_NO_COMMON_BLOCKS = YES;
				GCC_WARN_64_TO_32_BIT_CONVERSION = YES;
				GCC_WARN_ABOUT_RETURN_TYPE = YES_ERROR;
				GCC_WARN_UNDECLARED_SELECTOR = YES;
				GCC_WARN_UNINITIALIZED_AUTOS = YES_AGGRESSIVE;
				GCC_WARN_UNUSED_FUNCTION = YES;
				GCC_WARN_UNUSED_VARIABLE = YES;
				IPHONEOS_DEPLOYMENT_TARGET = 16.0;
				MTL_ENABLE_DEBUG_INFO = NO;
				MTL_FAST_MATH = YES;
				SDKROOT = iphoneos;
				SWIFT_COMPILATION_MODE = wholemodule;
				SWIFT_OPTIMIZATION_LEVEL = "-O";
				VALIDATE_PRODUCT = YES;
			};
			name = Release;
		};
		053D094A2931B99700A4E345 /* Debug */ = {
			isa = XCBuildConfiguration;
			buildSettings = {
				ASSETCATALOG_COMPILER_APPICON_NAME = AppIcon;
				ASSETCATALOG_COMPILER_GLOBAL_ACCENT_COLOR_NAME = AccentColor;
				CODE_SIGN_STYLE = Automatic;
				CURRENT_PROJECT_VERSION = 1;
				GENERATE_INFOPLIST_FILE = YES;
				INFOPLIST_FILE = mms/Info.plist;
				INFOPLIST_KEY_UIApplicationSupportsIndirectInputEvents = YES;
				INFOPLIST_KEY_UILaunchStoryboardName = LaunchScreen;
				INFOPLIST_KEY_UIMainStoryboardFile = Main;
				INFOPLIST_KEY_UISupportedInterfaceOrientations = UIInterfaceOrientationPortrait;
				INFOPLIST_KEY_UISupportedInterfaceOrientations_iPad = "UIInterfaceOrientationLandscapeLeft UIInterfaceOrientationLandscapeRight UIInterfaceOrientationPortrait UIInterfaceOrientationPortraitUpsideDown";
				LD_RUNPATH_SEARCH_PATHS = (
					"$(inherited)",
					"@executable_path/Frameworks",
				);
				MARKETING_VERSION = 1.0;
				PRODUCT_BUNDLE_IDENTIFIER = septemblue.mms;
				PRODUCT_NAME = "$(TARGET_NAME)";
				SUPPORTED_PLATFORMS = "iphoneos iphonesimulator";
				SUPPORTS_MACCATALYST = NO;
				SUPPORTS_MAC_DESIGNED_FOR_IPHONE_IPAD = YES;
				SWIFT_EMIT_LOC_STRINGS = YES;
				SWIFT_VERSION = 5.0;
				TARGETED_DEVICE_FAMILY = 1;
			};
			name = Debug;
		};
		053D094B2931B99700A4E345 /* Release */ = {
			isa = XCBuildConfiguration;
			buildSettings = {
				ASSETCATALOG_COMPILER_APPICON_NAME = AppIcon;
				ASSETCATALOG_COMPILER_GLOBAL_ACCENT_COLOR_NAME = AccentColor;
				CODE_SIGN_STYLE = Automatic;
				CURRENT_PROJECT_VERSION = 1;
				GENERATE_INFOPLIST_FILE = YES;
				INFOPLIST_FILE = mms/Info.plist;
				INFOPLIST_KEY_UIApplicationSupportsIndirectInputEvents = YES;
				INFOPLIST_KEY_UILaunchStoryboardName = LaunchScreen;
				INFOPLIST_KEY_UIMainStoryboardFile = Main;
				INFOPLIST_KEY_UISupportedInterfaceOrientations = UIInterfaceOrientationPortrait;
				INFOPLIST_KEY_UISupportedInterfaceOrientations_iPad = "UIInterfaceOrientationLandscapeLeft UIInterfaceOrientationLandscapeRight UIInterfaceOrientationPortrait UIInterfaceOrientationPortraitUpsideDown";
				LD_RUNPATH_SEARCH_PATHS = (
					"$(inherited)",
					"@executable_path/Frameworks",
				);
				MARKETING_VERSION = 1.0;
				PRODUCT_BUNDLE_IDENTIFIER = septemblue.mms;
				PRODUCT_NAME = "$(TARGET_NAME)";
				SUPPORTED_PLATFORMS = "iphoneos iphonesimulator";
				SUPPORTS_MACCATALYST = NO;
				SUPPORTS_MAC_DESIGNED_FOR_IPHONE_IPAD = YES;
				SWIFT_EMIT_LOC_STRINGS = YES;
				SWIFT_VERSION = 5.0;
				TARGETED_DEVICE_FAMILY = 1;
			};
			name = Release;
		};
/* End XCBuildConfiguration section */

/* Begin XCConfigurationList section */
		053D09302931B99500A4E345 /* Build configuration list for PBXProject "mms" */ = {
			isa = XCConfigurationList;
			buildConfigurations = (
				053D09472931B99700A4E345 /* Debug */,
				053D09482931B99700A4E345 /* Release */,
			);
			defaultConfigurationIsVisible = 0;
			defaultConfigurationName = Release;
		};
		053D09492931B99700A4E345 /* Build configuration list for PBXNativeTarget "mms" */ = {
			isa = XCConfigurationList;
			buildConfigurations = (
				053D094A2931B99700A4E345 /* Debug */,
				053D094B2931B99700A4E345 /* Release */,
			);
			defaultConfigurationIsVisible = 0;
			defaultConfigurationName = Release;
		};
/* End XCConfigurationList section */
	};
	rootObject = 053D092D2931B99500A4E345 /* Project object */;
}
